
Microsoft Visual Studio Solution File, Format Version 12.00
# Visual Studio Version 17
VisualStudioVersion = 17.5.33530.505
MinimumVisualStudioVersion = 10.0.40219.1
Project("{FAE04EC0-301F-11D3-BF4B-00C04F79EFBC}") = "Day2", "Day2\Day2.csproj", "{846C1E3B-F56A-4B22-B3D5-1352A081EAFF}"
EndProject
Global
	GlobalSection(SolutionConfigurationPlatforms) = preSolution
		Debug|Any CPU = Debug|Any CPU
		Release|Any CPU = Release|Any CPU
	EndGlobalSection
	GlobalSection(ProjectConfigurationPlatforms) = postSolution
		{846C1E3B-F56A-4B22-B3D5-1352A081EAFF}.Debug|Any CPU.ActiveCfg = Debug|Any CPU
		{846C1E3B-F56A-4B22-B3D5-1352A081EAFF}.Debug|Any CPU.Build.0 = Debug|Any CPU
		{846C1E3B-F56A-4B22-B3D5-1352A081EAFF}.Release|Any CPU.ActiveCfg = Release|Any CPU
		{846C1E3B-F56A-4B22-B3D5-1352A081EAFF}.Release|Any CPU.Build.0 = Release|Any CPU
	EndGlobalSection
	GlobalSection(SolutionProperties) = preSolution
		HideSolutionNode = FALSE
	EndGlobalSection
	GlobalSection(ExtensibilityGlobals) = postSolution
		SolutionGuid = {D33BB259-96C0-47EF-8333-A9958CFFB11E}
	EndGlobalSection
EndGlobal
